{
  "name": "fsu-online-system",
  "version": "1.0.0",
  "lockfileVersion": 3,
  "requires": true,
  "packages": {
    "": {
      "name": "fsu-online-system",
      "version": "1.0.0",
      "license": "MIT",
      "dependencies": {
        "node-vpn-client": "^0.0.16"
      }
    },
    "node_modules/bluebird": {
      "version": "3.5.5",
      "resolved": "https://registry.npmmirror.com/bluebird/-/bluebird-3.5.5.tgz",
      "integrity": "sha512-5am6HnnfN+urzt4yfg7IgTbotDjIT/u8AJpEt0sIU9FtXfVeezXAPKswrG+xKUCOYAINpSdgZVDU6QFh+cuH3w==",
      "license": "MIT"
    },
    "node_modules/inherits": {
      "version": "2.0.3",
      "resolved": "https://registry.npmmirror.com/inherits/-/inherits-2.0.3.tgz",
      "integrity": "sha512-x00IRNXNy63jwGkJmzPigoySHbaqpNuzKbBOmzK+g2OdZpQ9w+sxCN+VSB3ja7IAge2OP2qpfxTjeNcyjmW1uw==",
      "license": "ISC"
    },
    "node_modules/ip-address": {
      "version": "6.4.0",
      "resolved": "https://registry.npmmirror.com/ip-address/-/ip-address-6.4.0.tgz",
      "integrity": "sha512-c5uxc2WUTuRBVHT/6r4m7HIr/DfV0bF6DvLH3iZGSK8wp8iMwwZSgIq2do0asFf8q9ECug0SE+6+1ACMe4sorA==",
      "license": "MIT",
      "dependencies": {
        "jsbn": "1.1.0",
        "lodash.find": "4.6.0",
        "lodash.max": "4.0.1",
        "lodash.merge": "4.6.2",
        "lodash.padstart": "4.6.1",
        "lodash.repeat": "4.1.0",
        "sprintf-js": "1.1.2"
      },
      "engines": {
        "node": ">= 0.10"
      }
    },
    "node_modules/jsbn": {
      "version": "1.1.0",
      "resolved": "https://registry.npmmirror.com/jsbn/-/jsbn-1.1.0.tgz",
      "integrity": "sha512-4bYVV3aAMtDTTu4+xsDYa6sy9GyJ69/amsu9sYF2zqjiEoZA5xJi3BrfX3uY+/IekIu7MwdObdbDWpoZdBv3/A==",
      "license": "MIT"
    },
    "node_modules/lodash.find": {
      "version": "4.6.0",
      "resolved": "https://registry.npmmirror.com/lodash.find/-/lodash.find-4.6.0.tgz",
      "integrity": "sha512-yaRZoAV3Xq28F1iafWN1+a0rflOej93l1DQUejs3SZ41h2O9UJBoS9aueGjPDgAl4B6tPC0NuuchLKaDQQ3Isg==",
      "license": "MIT"
    },
    "node_modules/lodash.max": {
      "version": "4.0.1",
      "resolved": "https://registry.npmmirror.com/lodash.max/-/lodash.max-4.0.1.tgz",
      "integrity": "sha512-iykTDTb7PK33HSQmKy34zv+hh4WEu7WonJPXQcgODzUbbtradtNs8RsD/GI7XV++60KaKR1xhW56N4ISqHesfQ==",
      "license": "MIT"
    },
    "node_modules/lodash.merge": {
      "version": "4.6.2",
      "resolved": "https://registry.npmmirror.com/lodash.merge/-/lodash.merge-4.6.2.tgz",
      "integrity": "sha512-0KpjqXRVvrYyCsX1swR/XTK0va6VQkQM6MNo7PqW77ByjAhoARA8EfrP1N4+KlKj8YS0ZUCtRT/YUuhyYDujIQ==",
      "license": "MIT"
    },
    "node_modules/lodash.padstart": {
      "version": "4.6.1",
      "resolved": "https://registry.npmmirror.com/lodash.padstart/-/lodash.padstart-4.6.1.tgz",
      "integrity": "sha512-sW73O6S8+Tg66eY56DBk85aQzzUJDtpoXFBgELMd5P/SotAguo+1kYO6RuYgXxA4HJH3LFTFPASX6ET6bjfriw==",
      "license": "MIT"
    },
    "node_modules/lodash.repeat": {
      "version": "4.1.0",
      "resolved": "https://registry.npmmirror.com/lodash.repeat/-/lodash.repeat-4.1.0.tgz",
      "integrity": "sha512-eWsgQW89IewS95ZOcr15HHCX6FVDxq3f2PNUIng3fyzsPev9imFQxIYdFZ6crl8L56UR6ZlGDLcEb3RZsCSSqw==",
      "license": "MIT"
    },
    "node_modules/node-fetch": {
      "version": "2.7.0",
      "resolved": "https://registry.npmmirror.com/node-fetch/-/node-fetch-2.7.0.tgz",
      "integrity": "sha512-c4FRfUm/dbcWZ7U+1Wq0AwCyFL+3nt2bEw05wfxSz+DWpWsitgmSgYmy2dQdWyKC1694ELPqMs/YzUSNozLt8A==",
      "license": "MIT",
      "dependencies": {
        "whatwg-url": "^5.0.0"
      },
      "engines": {
        "node": "4.x || >=6.0.0"
      },
      "peerDependencies": {
        "encoding": "^0.1.0"
      },
      "peerDependenciesMeta": {
        "encoding": {
          "optional": true
        }
      }
    },
    "node_modules/node-vpn-client": {
      "version": "0.0.16",
      "resolved": "https://registry.npmmirror.com/node-vpn-client/-/node-vpn-client-0.0.16.tgz",
      "integrity": "sha512-I4i8l85PhwDRaQNmoE+HnN634DQfUtBasEdXOz2Q9t77gr+4WHpVCXHei8OOdsG2Qg5RyCvGgDqCaFEhEv+CjA==",
      "license": "MIT",
      "dependencies": {
        "ip-address": "^6.1.0",
        "node-fetch": "^2.6.0",
        "node-vpn-manager": "^0.0.15",
        "path": "^0.12.7"
      },
      "engines": {
        "node": ">= 8.9.0"
      }
    },
    "node_modules/node-vpn-daemon": {
      "version": "0.0.17",
      "resolved": "https://registry.npmmirror.com/node-vpn-daemon/-/node-vpn-daemon-0.0.17.tgz",
      "integrity": "sha512-Sx1E0n7phoYulXvtzIQzDi12JCMjRf0zglVndDsq+iBVK2gHxy5/2LOTqOPG9p26bCRSZ06fagxwydnaJ2SeoA==",
      "license": "MIT",
      "engines": {
        "node": ">= 8.9.0"
      }
    },
    "node_modules/node-vpn-manager": {
      "version": "0.0.15",
      "resolved": "https://registry.npmmirror.com/node-vpn-manager/-/node-vpn-manager-0.0.15.tgz",
      "integrity": "sha512-QWBVSSim47j8sEvITp2adMMjAH6wPlvJHl/oX6kmGBW3N8uYdwoL9626OK3IPfC054oFX3xYQON37wmzobKxJw==",
      "license": "MIT",
      "dependencies": {
        "node-vpn-daemon": "^0.0.17",
        "telnet-client": "^0.16.1"
      },
      "engines": {
        "node": ">= 8.9.0"
      }
    },
    "node_modules/path": {
      "version": "0.12.7",
      "resolved": "https://registry.npmmirror.com/path/-/path-0.12.7.tgz",
      "integrity": "sha512-aXXC6s+1w7otVF9UletFkFcDsJeO7lSZBPUQhtb5O0xJe8LtYhj/GxldoL09bBj9+ZmE2hNoHqQSFMN5fikh4Q==",
      "license": "MIT",
      "dependencies": {
        "process": "^0.11.1",
        "util": "^0.10.3"
      }
    },
    "node_modules/process": {
      "version": "0.11.10",
      "resolved": "https://registry.npmmirror.com/process/-/process-0.11.10.tgz",
      "integrity": "sha512-cdGef/drWFoydD1JsMzuFf8100nZl+GT+yacc2bEced5f9Rjk4z+WtFUTBu9PhOi9j/jfmBPu0mMEY4wIdAF8A==",
      "license": "MIT",
      "engines": {
        "node": ">= 0.6.0"
      }
    },
    "node_modules/sprintf-js": {
      "version": "1.1.2",
      "resolved": "https://registry.npmmirror.com/sprintf-js/-/sprintf-js-1.1.2.tgz",
      "integrity": "sha512-VE0SOVEHCk7Qc8ulkWw3ntAzXuqf7S2lvwQaDLRnUeIEaKNQJzV6BwmLKhOqT61aGhfUMrXeaBk+oDGCzvhcug==",
      "license": "BSD-3-Clause"
    },
    "node_modules/telnet-client": {
      "version": "0.16.4",
      "resolved": "https://registry.npmmirror.com/telnet-client/-/telnet-client-0.16.4.tgz",
      "integrity": "sha512-3oHc87ae2AdgsrE+J7FozWP0/ux2zr4xFJKKEietXOtsHYyh62fbHc3bv6qI8D0OP+6VNoC98kZuNDMoXAB7MQ==",
      "license": "MIT",
      "dependencies": {
        "bluebird": "3.5.x"
      }
    },
    "node_modules/tr46": {
      "version": "0.0.3",
      "resolved": "https://registry.npmmirror.com/tr46/-/tr46-0.0.3.tgz",
      "integrity": "sha512-N3WMsuqV66lT30CrXNbEjx4GEwlow3v6rr4mCcv6prnfwhS01rkgyFdjPNBYd9br7LpXV1+Emh01fHnq2Gdgrw==",
      "license": "MIT"
    },
    "node_modules/util": {
      "version": "0.10.4",
      "resolved": "https://registry.npmmirror.com/util/-/util-0.10.4.tgz",
      "integrity": "sha512-0Pm9hTQ3se5ll1XihRic3FDIku70C+iHUdT/W926rSgHV5QgXsYbKZN8MSC3tJtSkhuROzvsQjAaFENRXr+19A==",
      "license": "MIT",
      "dependencies": {
        "inherits": "2.0.3"
      }
    },
    "node_modules/webidl-conversions": {
      "version": "3.0.1",
      "resolved": "https://registry.npmmirror.com/webidl-conversions/-/webidl-conversions-3.0.1.tgz",
      "integrity": "sha512-2JAn3z8AR6rjK8Sm8orRC0h/bcl/DqL7tRPdGZ4I1CjdF+EaMLmYxBHyXuKL849eucPFhvBoxMsflfOb8kxaeQ==",
      "license": "BSD-2-Clause"
    },
    "node_modules/whatwg-url": {
      "version": "5.0.0",
      "resolved": "https://registry.npmmirror.com/whatwg-url/-/whatwg-url-5.0.0.tgz",
      "integrity": "sha512-saE57nupxk6v3HY35+jzBwYa0rKSy0XR8JSxZPwgLr7ys0IBzhGviA1/TUGJLmSVqs8pb9AnvICXEuOHLprYTw==",
      "license": "MIT",
      "dependencies": {
        "tr46": "~0.0.3",
        "webidl-conversions": "^3.0.0"
      }
    }
  }
}
